
Microsoft Visual Studio Solution File, Format Version 12.00
# Visual Studio Version 16
VisualStudioVersion = 16.0.29215.179
MinimumVisualStudioVersion = 10.0.40219.1
Project("{FAE04EC0-301F-11D3-BF4B-00C04F79EFBC}") = "Test.Automation", "Test.Automation\Test.Automation.csproj", "{6BDC75B0-7B71-484B-A87B-FB2EC0C63FE7}"
EndProject
Project("{FAE04EC0-301F-11D3-BF4B-00C04F79EFBC}") = "Automation.Data", "Automation.Data\Automation.Data.csproj", "{3F3E972F-D890-4FB4-97E3-E87E0D756E69}"
EndProject
Global
	GlobalSection(SolutionConfigurationPlatforms) = preSolution
		Debug|Any CPU = Debug|Any CPU
		Release|Any CPU = Release|Any CPU
	EndGlobalSection
	GlobalSection(ProjectConfigurationPlatforms) = postSolution
		{6BDC75B0-7B71-484B-A87B-FB2EC0C63FE7}.Debug|Any CPU.ActiveCfg = Debug|Any CPU
		{6BDC75B0-7B71-484B-A87B-FB2EC0C63FE7}.Debug|Any CPU.Build.0 = Debug|Any CPU
		{6BDC75B0-7B71-484B-A87B-FB2EC0C63FE7}.Release|Any CPU.ActiveCfg = Release|Any CPU
		{6BDC75B0-7B71-484B-A87B-FB2EC0C63FE7}.Release|Any CPU.Build.0 = Release|Any CPU
		{3F3E972F-D890-4FB4-97E3-E87E0D756E69}.Debug|Any CPU.ActiveCfg = Debug|Any CPU
		{3F3E972F-D890-4FB4-97E3-E87E0D756E69}.Debug|Any CPU.Build.0 = Debug|Any CPU
		{3F3E972F-D890-4FB4-97E3-E87E0D756E69}.Release|Any CPU.ActiveCfg = Release|Any CPU
		{3F3E972F-D890-4FB4-97E3-E87E0D756E69}.Release|Any CPU.Build.0 = Release|Any CPU
	EndGlobalSection
	GlobalSection(SolutionProperties) = preSolution
		HideSolutionNode = FALSE
	EndGlobalSection
	GlobalSection(ExtensibilityGlobals) = postSolution
		SolutionGuid = {D0E8FC88-600E-46EE-BC32-2C78F9BBBDBB}
	EndGlobalSection
EndGlobal
